DEPENDENCIES
  apt (= 2.9.2)
  build-essential (= 2.2.4)
  nginx (= 2.7.6)
  postgresql (= 4.0.6)
  rsyslog (= 2.2.0)
  ruby_application
    path: ruby_application
  swap (= 0.3.8)
  timezone (= 0.0.1)

GRAPH
  apt (2.9.2)
  bluepill (2.4.3)
    rsyslog (>= 2.0)
  build-essential (2.2.4)
  chef-sugar (3.4.0)
  nginx (2.7.6)
    apt (~> 2.2)
    bluepill (~> 2.3)
    build-essential (~> 2.0)
    ohai (~> 2.0)
    runit (~> 1.2)
    yum-epel (~> 0.3)
  ohai (2.1.0)
  openssl (4.4.0)
    chef-sugar (>= 3.1.1)
  packagecloud (0.2.5)
  postgresql (4.0.6)
    apt (>= 1.9.0)
    build-essential (>= 0.0.0)
    openssl (~> 4.0)
  rsyslog (2.2.0)
  ruby_application (0.1.1)
    apt (>= 0.0.0)
    build-essential (>= 0.0.0)
    nginx (>= 0.0.0)
    swap (>= 0.0.0)
  runit (1.8.0)
    packagecloud (>= 0.0.0)
    yum-epel (>= 0.0.0)
  swap (0.3.8)
  timezone (0.0.1)
  yum (3.13.0)
  yum-epel (0.7.1)
    yum (>= 3.6.3)
